
Microsoft Visual Studio Solution File, Format Version 12.00
# Visual Studio Version 17
VisualStudioVersion = 17.9.34902.65
MinimumVisualStudioVersion = 10.0.40219.1
Project("{9A19103F-16F7-4668-BE54-9A1E7A4F7556}") = "InMemorySqliteAssignmentApi", "InMemorySqliteAssignmentApp\InMemorySqliteAssignmentApi.csproj", "{9D6F5091-FBAE-40B8-8ADF-79B432A31127}"
EndProject
Project("{9A19103F-16F7-4668-BE54-9A1E7A4F7556}") = "InMemorySqliteAssignmentApp.Domain", "InMemorySqliteAssignmentApp.Domain\InMemorySqliteAssignmentApp.Domain.csproj", "{6B9EB1C1-05C9-4F01-8462-3C8F6253A24A}"
EndProject
Project("{9A19103F-16F7-4668-BE54-9A1E7A4F7556}") = "InMemorySqliteAssignmentApp.Services(BusinessLayer)", "InMemorySqliteAssignmentApp.Services(BusinessLayer)\InMemorySqliteAssignmentApp.Services(BusinessLayer).csproj", "{055D2D33-942A-43F1-BAE0-7D339BA0109E}"
EndProject
Project("{9A19103F-16F7-4668-BE54-9A1E7A4F7556}") = "InMemorySqliteAssignmentApp.Infrastructure(Data)", "InMemorySqliteAssignmentApp.Infrastructure(Data)\InMemorySqliteAssignmentApp.Infrastructure(Data).csproj", "{D50F5147-8F1A-4C0B-9641-C21CFB9BBAC7}"
EndProject
Project("{FAE04EC0-301F-11D3-BF4B-00C04F79EFBC}") = "InMemorySqliteAssignmentApp.UnitTests", "InMemorySqliteAssignmentApp.UnitTests\InMemorySqliteAssignmentApp.UnitTests.csproj", "{109A1689-E82C-452F-82AD-FD1408DB1697}"
EndProject
Global
	GlobalSection(SolutionConfigurationPlatforms) = preSolution
		Debug|Any CPU = Debug|Any CPU
		Release|Any CPU = Release|Any CPU
	EndGlobalSection
	GlobalSection(ProjectConfigurationPlatforms) = postSolution
		{9D6F5091-FBAE-40B8-8ADF-79B432A31127}.Debug|Any CPU.ActiveCfg = Debug|Any CPU
		{9D6F5091-FBAE-40B8-8ADF-79B432A31127}.Debug|Any CPU.Build.0 = Debug|Any CPU
		{9D6F5091-FBAE-40B8-8ADF-79B432A31127}.Release|Any CPU.ActiveCfg = Release|Any CPU
		{9D6F5091-FBAE-40B8-8ADF-79B432A31127}.Release|Any CPU.Build.0 = Release|Any CPU
		{6B9EB1C1-05C9-4F01-8462-3C8F6253A24A}.Debug|Any CPU.ActiveCfg = Debug|Any CPU
		{6B9EB1C1-05C9-4F01-8462-3C8F6253A24A}.Debug|Any CPU.Build.0 = Debug|Any CPU
		{6B9EB1C1-05C9-4F01-8462-3C8F6253A24A}.Release|Any CPU.ActiveCfg = Release|Any CPU
		{6B9EB1C1-05C9-4F01-8462-3C8F6253A24A}.Release|Any CPU.Build.0 = Release|Any CPU
		{055D2D33-942A-43F1-BAE0-7D339BA0109E}.Debug|Any CPU.ActiveCfg = Debug|Any CPU
		{055D2D33-942A-43F1-BAE0-7D339BA0109E}.Debug|Any CPU.Build.0 = Debug|Any CPU
		{055D2D33-942A-43F1-BAE0-7D339BA0109E}.Release|Any CPU.ActiveCfg = Release|Any CPU
		{055D2D33-942A-43F1-BAE0-7D339BA0109E}.Release|Any CPU.Build.0 = Release|Any CPU
		{D50F5147-8F1A-4C0B-9641-C21CFB9BBAC7}.Debug|Any CPU.ActiveCfg = Debug|Any CPU
		{D50F5147-8F1A-4C0B-9641-C21CFB9BBAC7}.Debug|Any CPU.Build.0 = Debug|Any CPU
		{D50F5147-8F1A-4C0B-9641-C21CFB9BBAC7}.Release|Any CPU.ActiveCfg = Release|Any CPU
		{D50F5147-8F1A-4C0B-9641-C21CFB9BBAC7}.Release|Any CPU.Build.0 = Release|Any CPU
		{109A1689-E82C-452F-82AD-FD1408DB1697}.Debug|Any CPU.ActiveCfg = Debug|Any CPU
		{109A1689-E82C-452F-82AD-FD1408DB1697}.Debug|Any CPU.Build.0 = Debug|Any CPU
		{109A1689-E82C-452F-82AD-FD1408DB1697}.Release|Any CPU.ActiveCfg = Release|Any CPU
		{109A1689-E82C-452F-82AD-FD1408DB1697}.Release|Any CPU.Build.0 = Release|Any CPU
	EndGlobalSection
	GlobalSection(SolutionProperties) = preSolution
		HideSolutionNode = FALSE
	EndGlobalSection
	GlobalSection(ExtensibilityGlobals) = postSolution
		SolutionGuid = {D01E1D81-0B86-4E29-9A4C-4DAFCC3A5BCB}
	EndGlobalSection
EndGlobal
